
Microsoft Visual Studio Solution File, Format Version 12.00
# Visual Studio Version 16
VisualStudioVersion = 16.0.32228.343
MinimumVisualStudioVersion = 10.0.40219.1
Project("{FAE04EC0-301F-11D3-BF4B-00C04F79EFBC}") = "Filer", "Filer\Filer.csproj", "{21BC9623-0702-4E2B-A921-50A183C50222}"
EndProject
Project("{FAE04EC0-301F-11D3-BF4B-00C04F79EFBC}") = "Tests", "Tests\Tests.csproj", "{2AF3B3FD-1033-4C7F-A99B-45323B5936F0}"
EndProject
Global
	GlobalSection(SolutionConfigurationPlatforms) = preSolution
		Debug|Any CPU = Debug|Any CPU
		Release|Any CPU = Release|Any CPU
	EndGlobalSection
	GlobalSection(ProjectConfigurationPlatforms) = postSolution
		{21BC9623-0702-4E2B-A921-50A183C50222}.Debug|Any CPU.ActiveCfg = Debug|Any CPU
		{21BC9623-0702-4E2B-A921-50A183C50222}.Debug|Any CPU.Build.0 = Debug|Any CPU
		{21BC9623-0702-4E2B-A921-50A183C50222}.Release|Any CPU.ActiveCfg = Release|Any CPU
		{21BC9623-0702-4E2B-A921-50A183C50222}.Release|Any CPU.Build.0 = Release|Any CPU
		{2AF3B3FD-1033-4C7F-A99B-45323B5936F0}.Debug|Any CPU.ActiveCfg = Debug|Any CPU
		{2AF3B3FD-1033-4C7F-A99B-45323B5936F0}.Debug|Any CPU.Build.0 = Debug|Any CPU
		{2AF3B3FD-1033-4C7F-A99B-45323B5936F0}.Release|Any CPU.ActiveCfg = Release|Any CPU
		{2AF3B3FD-1033-4C7F-A99B-45323B5936F0}.Release|Any CPU.Build.0 = Release|Any CPU
	EndGlobalSection
	GlobalSection(SolutionProperties) = preSolution
		HideSolutionNode = FALSE
	EndGlobalSection
	GlobalSection(ExtensibilityGlobals) = postSolution
		SolutionGuid = {03DA9317-E3CE-487E-A8AA-81D2EB97EE7E}
	EndGlobalSection
EndGlobal
